github.com/SebastiaanKlippert/go-wkhtmltopdf v1.9.2 h1:enQwehstpeaAnsyse1Aqb6r0sU5UJbiNvIqVmPo+KWI=
github.com/SebastiaanKlippert/go-wkhtmltopdf v1.9.2/go.mod h1:SQq4xfIdvf6WYKSDxAJc+xOJdolt+/bc1jnQKMtPMvQ=
github.com/hahnicity/go-wget v0.0.0-20130821055227-3e7ca2f20ef2 h1:+XiSj84/PRrnYieIvb7j1DIYB7z99RaXy/zEBgL32f4=
github.com/hahnicity/go-wget v0.0.0-20130821055227-3e7ca2f20ef2/go.mod h1:+1zU9vPxd6ugbrDWGBTdgGjAOSdqi6QIXSGDxpu+Wbg=
